
Microsoft Visual Studio Solution File, Format Version 12.00
# Visual Studio Version 17
VisualStudioVersion = 17.7.34009.444
MinimumVisualStudioVersion = 10.0.40219.1
Project("{FAE04EC0-301F-11D3-BF4B-00C04F79EFBC}") = "PuntoDeVenta", "PuntoDeVenta\PuntoDeVenta.csproj", "{89A69CDA-8113-489F-BE01-31B0BBFEEB25}"
EndProject
Project("{FAE04EC0-301F-11D3-BF4B-00C04F79EFBC}") = "OperacionesBD", "OperacionesBD\OperacionesBD.csproj", "{416E73B1-7DEA-4B5E-941D-4C3769DE1890}"
EndProject
Global
	GlobalSection(SolutionConfigurationPlatforms) = preSolution
		Debug|Any CPU = Debug|Any CPU
		Release|Any CPU = Release|Any CPU
	EndGlobalSection
	GlobalSection(ProjectConfigurationPlatforms) = postSolution
		{89A69CDA-8113-489F-BE01-31B0BBFEEB25}.Debug|Any CPU.ActiveCfg = Debug|Any CPU
		{89A69CDA-8113-489F-BE01-31B0BBFEEB25}.Debug|Any CPU.Build.0 = Debug|Any CPU
		{89A69CDA-8113-489F-BE01-31B0BBFEEB25}.Release|Any CPU.ActiveCfg = Release|Any CPU
		{89A69CDA-8113-489F-BE01-31B0BBFEEB25}.Release|Any CPU.Build.0 = Release|Any CPU
		{416E73B1-7DEA-4B5E-941D-4C3769DE1890}.Debug|Any CPU.ActiveCfg = Debug|Any CPU
		{416E73B1-7DEA-4B5E-941D-4C3769DE1890}.Debug|Any CPU.Build.0 = Debug|Any CPU
		{416E73B1-7DEA-4B5E-941D-4C3769DE1890}.Release|Any CPU.ActiveCfg = Release|Any CPU
		{416E73B1-7DEA-4B5E-941D-4C3769DE1890}.Release|Any CPU.Build.0 = Release|Any CPU
	EndGlobalSection
	GlobalSection(SolutionProperties) = preSolution
		HideSolutionNode = FALSE
	EndGlobalSection
	GlobalSection(ExtensibilityGlobals) = postSolution
		SolutionGuid = {CFC0A581-E91A-4F14-94AC-390ABE01A4AD}
	EndGlobalSection
EndGlobal
